{
  "nodes": {
    "flake-utils": {
      "locked": {
        "lastModified": 1659877975,
        "narHash": "sha256-zllb8aq3YO3h8B/U0/J1WBgAL8EX5yWf5pMj3G0NAmc=",
        "owner": "numtide",
        "repo": "flake-utils",
        "rev": "c0e246b9b83f637f4681389ecabcb2681b4f3af0",
        "type": "github"
      },
      "original": {
        "owner": "numtide",
        "repo": "flake-utils",
        "type": "github"
      }
    },
    "flake-utils_2": {
      "locked": {
        "lastModified": 1652776076,
        "narHash": "sha256-gzTw/v1vj4dOVbpBSJX4J0DwUR6LIyXo7/SuuTJp1kM=",
        "owner": "numtide",
        "repo": "flake-utils",
        "rev": "04c1b180862888302ddfb2e3ad9eaa63afc60cf8",
        "type": "github"
      },
      "original": {
        "owner": "numtide",
        "repo": "flake-utils",
        "type": "github"
      }
    },
    "nixpkgs": {
      "locked": {
        "lastModified": 1661262176,
        "narHash": "sha256-42FXNd2B0QECaULG0Vx+oYzQ9euKcmlg2gmX2D+HbKI=",
        "owner": "NixOS",
        "repo": "nixpkgs",
        "rev": "b9fd420fa535fd254c6f1f26df770b32a9dc98b4",
        "type": "github"
      },
      "original": {
        "owner": "NixOS",
        "ref": "nixos-22.05",
        "repo": "nixpkgs",
        "type": "github"
      }
    },
    "nixpkgs_2": {
      "locked": {
        "lastModified": 1653087707,
        "narHash": "sha256-zfno3snrzZTWQ2B7K53QHrGZwrjnJLTRPalymrSsziU=",
        "owner": "NixOS",
        "repo": "nixpkgs",
        "rev": "cbd40c72b2603ab54e7208f99f9b35fc158bc009",
        "type": "github"
      },
      "original": {
        "owner": "NixOS",
        "ref": "nixos-21.11",
        "repo": "nixpkgs",
        "type": "github"
      }
    },
    "npmlock2nix-repo": {
      "flake": false,
      "locked": {
        "lastModified": 1648735462,
        "narHash": "sha256-G22WBttdFoWp7E/YvGfePOc+W+ZsQGw+IwpFbAwJNeI=",
        "owner": "tweag",
        "repo": "npmlock2nix",
        "rev": "dd2897c3a6e404446704a63f40b9a29fa0acf752",
        "type": "github"
      },
      "original": {
        "owner": "tweag",
        "repo": "npmlock2nix",
        "type": "github"
      }
    },
    "pzprjs": {
      "inputs": {
        "flake-utils": "flake-utils_2",
        "nixpkgs": "nixpkgs_2",
        "npmlock2nix-repo": "npmlock2nix-repo"
      },
      "locked": {
        "lastModified": 1660980015,
        "narHash": "sha256-ZnQLZ1nrVxO1BJOf54ELj+9Kk3i6rbo+gUIOy280B2A=",
        "owner": "robx",
        "repo": "pzprjs",
        "rev": "738037dbe8dc2dd07e608d02bd7c5cda8c32af29",
        "type": "github"
      },
      "original": {
        "owner": "robx",
        "ref": "nix",
        "repo": "pzprjs",
        "type": "github"
      }
    },
    "root": {
      "inputs": {
        "flake-utils": "flake-utils",
        "nixpkgs": "nixpkgs",
        "pzprjs": "pzprjs"
      }
    }
  },
  "root": "root",
  "version": 7
}
