{
  "name": "pzprnode",
  "version": "0.1.0",
  "lockfileVersion": 2,
  "requires": true,
  "packages": {
    "": {
      "name": "pzprnode",
      "version": "0.1.0",
      "license": "MIT",
      "dependencies": {
        "@types/node": "^12.12.18",
        "pzpr": "file:../pzprjs",
        "typescript": "^3.7.3"
      },
      "engines": {
        "node": ">= 6.0.0"
      }
    },
    "../pzprjs": {
      "name": "pzpr",
      "version": "0.12.0",
      "license": "MIT",
      "dependencies": {
        "pzpr-canvas": "^0.8.2",
        "source-map-support": "^0.5.17"
      },
      "devDependencies": {
        "del-cli": "^4.0.1",
        "eslint": "^8.16.0",
        "grunt": "^1.5.3",
        "grunt-contrib-concat": "^1.0.1",
        "grunt-contrib-copy": "^1.0.0",
        "grunt-contrib-uglify": "^5.2.1",
        "grunt-newer": "^1.1.1",
        "mocha": "^10.0.0",
        "prettier": "^1.19.1"
      },
      "engines": {
        "node": ">= 5.6.0"
      }
    },
    "node_modules/@types/node": {
      "version": "12.12.18",
      "license": "MIT"
    },
    "node_modules/pzpr": {
      "resolved": "../pzprjs",
      "link": true
    },
    "node_modules/typescript": {
      "version": "3.7.3",
      "license": "Apache-2.0",
      "bin": {
        "tsc": "bin/tsc",
        "tsserver": "bin/tsserver"
      },
      "engines": {
        "node": ">=4.2.0"
      }
    }
  },
  "dependencies": {
    "@types/node": {
      "version": "12.12.18"
    },
    "pzpr": {
      "version": "file:../pzprjs",
      "requires": {
        "del-cli": "^4.0.1",
        "eslint": "^8.16.0",
        "grunt": "^1.5.3",
        "grunt-contrib-concat": "^1.0.1",
        "grunt-contrib-copy": "^1.0.0",
        "grunt-contrib-uglify": "^5.2.1",
        "grunt-newer": "^1.1.1",
        "mocha": "^10.0.0",
        "prettier": "^1.19.1",
        "pzpr-canvas": "^0.8.2",
        "source-map-support": "^0.5.17"
      }
    },
    "typescript": {
      "version": "3.7.3"
    }
  }
}
